
Microsoft Visual Studio Solution File, Format Version 12.00
# Visual Studio 14
VisualStudioVersion = 14.0.25420.1
MinimumVisualStudioVersion = 10.0.40219.1
Project("{FAE04EC0-301F-11D3-BF4B-00C04F79EFBC}") = "T9Spelling", "T9Spelling\T9Spelling.csproj", "{447AB74B-5DF2-4BAB-9734-EC7E82644EE0}"
EndProject
Project("{FAE04EC0-301F-11D3-BF4B-00C04F79EFBC}") = "T9Spelling.Core", "T9Spelling.Core\T9Spelling.Core.csproj", "{65D3B507-4C6C-4CEB-8B3E-0897198FAD60}"
EndProject
Project("{FAE04EC0-301F-11D3-BF4B-00C04F79EFBC}") = "T9Spelling.Tests", "T9Spelling.Tests\T9Spelling.Tests.csproj", "{8CC2574B-9749-4DB2-9CE5-B6DD668F08CE}"
EndProject
Project("{2150E333-8FDC-42A3-9474-1A3956D46DE8}") = "InputTestFiles", "InputTestFiles", "{E2745A04-724B-4585-8014-1A4FC5317C8A}"
	ProjectSection(SolutionItems) = preProject
		msg.in = msg.in
	EndProjectSection
EndProject
Global
	GlobalSection(SolutionConfigurationPlatforms) = preSolution
		Debug|Any CPU = Debug|Any CPU
		Release|Any CPU = Release|Any CPU
	EndGlobalSection
	GlobalSection(ProjectConfigurationPlatforms) = postSolution
		{447AB74B-5DF2-4BAB-9734-EC7E82644EE0}.Debug|Any CPU.ActiveCfg = Debug|Any CPU
		{447AB74B-5DF2-4BAB-9734-EC7E82644EE0}.Debug|Any CPU.Build.0 = Debug|Any CPU
		{447AB74B-5DF2-4BAB-9734-EC7E82644EE0}.Release|Any CPU.ActiveCfg = Release|Any CPU
		{447AB74B-5DF2-4BAB-9734-EC7E82644EE0}.Release|Any CPU.Build.0 = Release|Any CPU
		{65D3B507-4C6C-4CEB-8B3E-0897198FAD60}.Debug|Any CPU.ActiveCfg = Debug|Any CPU
		{65D3B507-4C6C-4CEB-8B3E-0897198FAD60}.Debug|Any CPU.Build.0 = Debug|Any CPU
		{65D3B507-4C6C-4CEB-8B3E-0897198FAD60}.Release|Any CPU.ActiveCfg = Release|Any CPU
		{65D3B507-4C6C-4CEB-8B3E-0897198FAD60}.Release|Any CPU.Build.0 = Release|Any CPU
		{8CC2574B-9749-4DB2-9CE5-B6DD668F08CE}.Debug|Any CPU.ActiveCfg = Debug|Any CPU
		{8CC2574B-9749-4DB2-9CE5-B6DD668F08CE}.Debug|Any CPU.Build.0 = Debug|Any CPU
		{8CC2574B-9749-4DB2-9CE5-B6DD668F08CE}.Release|Any CPU.ActiveCfg = Release|Any CPU
		{8CC2574B-9749-4DB2-9CE5-B6DD668F08CE}.Release|Any CPU.Build.0 = Release|Any CPU
	EndGlobalSection
	GlobalSection(SolutionProperties) = preSolution
		HideSolutionNode = FALSE
	EndGlobalSection
EndGlobal
